
Microsoft Visual Studio Solution File, Format Version 12.00
# Visual Studio Version 16
VisualStudioVersion = 16.0.31019.35
MinimumVisualStudioVersion = 10.0.40219.1
Project("{8BC9CEB8-8B4A-11D0-8D11-00A0C91BC942}") = "Assignment1", "Assignment1\Assignment1.vcxproj", "{AC667A42-8A65-4E00-A072-F6DE30F9AF0C}"
EndProject
Project("{8BC9CEB8-8B4A-11D0-8D11-00A0C91BC942}") = "Assignment2", "Assignment2\Assignment2.vcxproj", "{7DA43856-D755-43EC-9F2E-6E9E7513B18B}"
EndProject
Project("{8BC9CEB8-8B4A-11D0-8D11-00A0C91BC942}") = "Assignment3_Inventory", "Assignment3_Inventory\Assignment3_Inventory.vcxproj", "{872A9316-B2B4-4EF5-ACB0-6DE9B3984325}"
EndProject
Global
	GlobalSection(SolutionConfigurationPlatforms) = preSolution
		Debug|x64 = Debug|x64
		Debug|x86 = Debug|x86
		Release|x64 = Release|x64
		Release|x86 = Release|x86
	EndGlobalSection
	GlobalSection(ProjectConfigurationPlatforms) = postSolution
		{AC667A42-8A65-4E00-A072-F6DE30F9AF0C}.Debug|x64.ActiveCfg = Debug|x64
		{AC667A42-8A65-4E00-A072-F6DE30F9AF0C}.Debug|x64.Build.0 = Debug|x64
		{AC667A42-8A65-4E00-A072-F6DE30F9AF0C}.Debug|x86.ActiveCfg = Debug|Win32
		{AC667A42-8A65-4E00-A072-F6DE30F9AF0C}.Debug|x86.Build.0 = Debug|Win32
		{AC667A42-8A65-4E00-A072-F6DE30F9AF0C}.Release|x64.ActiveCfg = Release|x64
		{AC667A42-8A65-4E00-A072-F6DE30F9AF0C}.Release|x64.Build.0 = Release|x64
		{AC667A42-8A65-4E00-A072-F6DE30F9AF0C}.Release|x86.ActiveCfg = Release|Win32
		{AC667A42-8A65-4E00-A072-F6DE30F9AF0C}.Release|x86.Build.0 = Release|Win32
		{7DA43856-D755-43EC-9F2E-6E9E7513B18B}.Debug|x64.ActiveCfg = Debug|x64
		{7DA43856-D755-43EC-9F2E-6E9E7513B18B}.Debug|x64.Build.0 = Debug|x64
		{7DA43856-D755-43EC-9F2E-6E9E7513B18B}.Debug|x86.ActiveCfg = Debug|Win32
		{7DA43856-D755-43EC-9F2E-6E9E7513B18B}.Debug|x86.Build.0 = Debug|Win32
		{7DA43856-D755-43EC-9F2E-6E9E7513B18B}.Release|x64.ActiveCfg = Release|x64
		{7DA43856-D755-43EC-9F2E-6E9E7513B18B}.Release|x64.Build.0 = Release|x64
		{7DA43856-D755-43EC-9F2E-6E9E7513B18B}.Release|x86.ActiveCfg = Release|Win32
		{7DA43856-D755-43EC-9F2E-6E9E7513B18B}.Release|x86.Build.0 = Release|Win32
		{872A9316-B2B4-4EF5-ACB0-6DE9B3984325}.Debug|x64.ActiveCfg = Debug|x64
		{872A9316-B2B4-4EF5-ACB0-6DE9B3984325}.Debug|x64.Build.0 = Debug|x64
		{872A9316-B2B4-4EF5-ACB0-6DE9B3984325}.Debug|x86.ActiveCfg = Debug|Win32
		{872A9316-B2B4-4EF5-ACB0-6DE9B3984325}.Debug|x86.Build.0 = Debug|Win32
		{872A9316-B2B4-4EF5-ACB0-6DE9B3984325}.Release|x64.ActiveCfg = Release|x64
		{872A9316-B2B4-4EF5-ACB0-6DE9B3984325}.Release|x64.Build.0 = Release|x64
		{872A9316-B2B4-4EF5-ACB0-6DE9B3984325}.Release|x86.ActiveCfg = Release|Win32
		{872A9316-B2B4-4EF5-ACB0-6DE9B3984325}.Release|x86.Build.0 = Release|Win32
	EndGlobalSection
	GlobalSection(SolutionProperties) = preSolution
		HideSolutionNode = FALSE
	EndGlobalSection
	GlobalSection(ExtensibilityGlobals) = postSolution
		SolutionGuid = {D7FABF0A-0D7B-4978-978B-179382601C48}
	EndGlobalSection
EndGlobal
